// !$*UTF8*$!
{
	archiveVersion = 1;
	classes = {
	};
	objectVersion = 46;
	objects = {

/* Begin PBXBuildFile section */
		6AEF96821E11D673008969E5 /* AppDelegate.swift in Sources */ = {isa = PBXBuildFile; fileRef = 6AEF96811E11D673008969E5 /* AppDelegate.swift */; };
		6AEF96841E11D673008969E5 /* ViewController.swift in Sources */ = {isa = PBXBuildFile; fileRef = 6AEF96831E11D673008969E5 /* ViewController.swift */; };
		6AEF96871E11D673008969E5 /* Main.storyboard in Resources */ = {isa = PBXBuildFile; fileRef = 6AEF96851E11D673008969E5 /* Main.storyboard */; };
		6AEF96891E11D673008969E5 /* Assets.xcassets in Resources */ = {isa = PBXBuildFile; fileRef = 6AEF96881E11D673008969E5 /* Assets.xcassets */; };
		6AEF968C1E11D673008969E5 /* LaunchScreen.storyboard in Resources */ = {isa = PBXBuildFile; fileRef = 6AEF968A1E11D673008969E5 /* LaunchScreen.storyboard */; };
/* End PBXBuildFile section */

/* Begin PBXFileReference section */
		6AEF967E1E11D673008969E5 /* GlobalMatrix.app */ = {isa = PBXFileReference; explicitFileType = wrapper.application; includeInIndex = 0; path = GlobalMatrix.app; sourceTree = BUILT_PRODUCTS_DIR; };
		6AEF96811E11D673008969E5 /* AppDelegate.swift */ = {isa = PBXFileReference; lastKnownFileType = sourcecode.swift; path = AppDelegate.swift; sourceTree = "<group>"; };
		6AEF96831E11D673008969E5 /* ViewController.swift */ = {isa = PBXFileReference; lastKnownFileType = sourcecode.swift; path = ViewController.swift; sourceTree = "<group>"; };
		6AEF96861E11D673008969E5 /* Base */ = {isa = PBXFileReference; lastKnownFileType = file.storyboard; name = Base; path = Base.lproj/Main.storyboard; sourceTree = "<group>"; };
		6AEF96881E11D673008969E5 /* Assets.xcassets */ = {isa = PBXFileReference; lastKnownFileType = folder.assetcatalog; path = Assets.xcassets; sourceTree = "<group>"; };
		6AEF968B1E11D673008969E5 /* Base */ = {isa = PBXFileReference; lastKnownFileType = file.storyboard; name = Base; path = Base.lproj/LaunchScreen.storyboard; sourceTree = "<group>"; };
		6AEF968D1E11D673008969E5 /* Info.plist */ = {isa = PBXFileReference; lastKnownFileType = text.plist.xml; path = Info.plist; sourceTree = "<group>"; };
/* End PBXFileReference section */

/* Begin PBXFrameworksBuildPhase section */
		6AEF967B1E11D673008969E5 /* Frameworks */ = {
			isa = PBXFrameworksBuildPhase;
			buildActionMask = 2147483647;
			files = (
			);
			runOnlyForDeploymentPostprocessing = 0;
		};
/* End PBXFrameworksBuildPhase section */

/* Begin PBXGroup section */
		6AEF96751E11D673008969E5 = {
			isa = PBXGroup;
			children = (
				6AEF96801E11D673008969E5 /* GlobalMatrix */,
				6AEF967F1E11D673008969E5 /* Products */,
			);
			sourceTree = "<group>";
		};
		6AEF967F1E11D673008969E5 /* Products */ = {
			isa = PBXGroup;
			children = (
				6AEF967E1E11D673008969E5 /* GlobalMatrix.app */,
			);
			name = Products;
			sourceTree = "<group>";
		};
		6AEF96801E11D673008969E5 /* GlobalMatrix */ = {
			isa = PBXGroup;
			children = (
				6AEF96811E11D673008969E5 /* AppDelegate.swift */,
				6AEF96831E11D673008969E5 /* ViewController.swift */,
				6AEF96851E11D673008969E5 /* Main.storyboard */,
				6AEF96881E11D673008969E5 /* Assets.xcassets */,
				6AEF968A1E11D673008969E5 /* LaunchScreen.storyboard */,
				6AEF968D1E11D673008969E5 /* Info.plist */,
			);
			path = GlobalMatrix;
			sourceTree = "<group>";
		};
/* End PBXGroup section */

/* Begin PBXNativeTarget section */
		6AEF967D1E11D673008969E5 /* GlobalMatrix */ = {
			isa = PBXNativeTarget;
			buildConfigurationList = 6AEF96901E11D673008969E5 /* Build configuration list for PBXNativeTarget "GlobalMatrix" */;
			buildPhases = (
				6AEF967A1E11D673008969E5 /* Sources */,
				6AEF967B1E11D673008969E5 /* Frameworks */,
				6AEF967C1E11D673008969E5 /* Resources */,
			);
			buildRules = (
			);
			dependencies = (
			);
			name = GlobalMatrix;
			productName = GlobalMatrix;
			productReference = 6AEF967E1E11D673008969E5 /* GlobalMatrix.app */;
			productType = "com.apple.product-type.application";
		};
/* End PBXNativeTarget section */

/* Begin PBXProject section */
		6AEF96761E11D673008969E5 /* Project object */ = {
			isa = PBXProject;
			attributes = {
				LastSwiftUpdateCheck = 0820;
				LastUpgradeCheck = 0820;
				ORGANIZATIONNAME = "Ivan Schuetz";
				TargetAttributes = {
					6AEF967D1E11D673008969E5 = {
						CreatedOnToolsVersion = 8.2;
						ProvisioningStyle = Automatic;
					};
				};
			};
			buildConfigurationList = 6AEF96791E11D673008969E5 /* Build configuration list for PBXProject "GlobalMatrix" */;
			compatibilityVersion = "Xcode 3.2";
			developmentRegion = English;
			hasScannedForEncodings = 0;
			knownRegions = (
				en,
				Base,
			);
			mainGroup = 6AEF96751E11D673008969E5;
			productRefGroup = 6AEF967F1E11D673008969E5 /* Products */;
			projectDirPath = "";
			projectRoot = "";
			targets = (
				6AEF967D1E11D673008969E5 /* GlobalMatrix */,
			);
		};
/* End PBXProject section */

/* Begin PBXResourcesBuildPhase section */
		6AEF967C1E11D673008969E5 /* Resources */ = {
			isa = PBXResourcesBuildPhase;
			buildActionMask = 2147483647;
			files = (
				6AEF968C1E11D673008969E5 /* LaunchScreen.storyboard in Resources */,
				6AEF96891E11D673008969E5 /* Assets.xcassets in Resources */,
				6AEF96871E11D673008969E5 /* Main.storyboard in Resources */,
			);
			runOnlyForDeploymentPostprocessing = 0;
		};
/* End PBXResourcesBuildPhase section */

/* Begin PBXSourcesBuildPhase section */
		6AEF967A1E11D673008969E5 /* Sources */ = {
			isa = PBXSourcesBuildPhase;
			buildActionMask = 2147483647;
			files = (
				6AEF96841E11D673008969E5 /* ViewController.swift in Sources */,
				6AEF96821E11D673008969E5 /* AppDelegate.swift in Sources */,
			);
			runOnlyForDeploymentPostprocessing = 0;
		};
/* End PBXSourcesBuildPhase section */

/* Begin PBXVariantGroup section */
		6AEF96851E11D673008969E5 /* Main.storyboard */ = {
			isa = PBXVariantGroup;
			children = (
				6AEF96861E11D673008969E5 /* Base */,
			);
			name = Main.storyboard;
			sourceTree = "<group>";
		};
		6AEF968A1E11D673008969E5 /* LaunchScreen.storyboard */ = {
			isa = PBXVariantGroup;
			children = (
				6AEF968B1E11D673008969E5 /* Base */,
			);
			name = LaunchScreen.storyboard;
			sourceTree = "<group>";
		};
/* End PBXVariantGroup section */

/* Begin XCBuildConfiguration section */
		6AEF968E1E11D673008969E5 /* Debug */ = {
			isa = XCBuildConfiguration;
			buildSettings = {
				ALWAYS_SEARCH_USER_PATHS = NO;
				CLANG_ANALYZER_NONNULL = YES;
				CLANG_CXX_LANGUAGE_STANDARD = "gnu++0x";
				CLANG_CXX_LIBRARY = "libc++";
				CLANG_ENABLE_MODULES = YES;
				CLANG_ENABLE_OBJC_ARC = YES;
				CLANG_WARN_BOOL_CONVERSION = YES;
				CLANG_WARN_CONSTANT_CONVERSION = YES;
				CLANG_WARN_DIRECT_OBJC_ISA_USAGE = YES_ERROR;
				CLANG_WARN_DOCUMENTATION_COMMENTS = YES;
				CLANG_WARN_EMPTY_BODY = YES;
				CLANG_WARN_ENUM_CONVERSION = YES;
				CLANG_WARN_INFINITE_RECURSION = YES;
				CLANG_WARN_INT_CONVERSION = YES;
				CLANG_WARN_OBJC_ROOT_CLASS = YES_ERROR;
				CLANG_WARN_SUSPICIOUS_MOVE = YES;
				CLANG_WARN_UNREACHABLE_CODE = YES;
				CLANG_WARN__DUPLICATE_METHOD_MATCH = YES;
				"CODE_SIGN_IDENTITY[sdk=iphoneos*]" = "iPhone Developer";
				COPY_PHASE_STRIP = NO;
				DEBUG_INFORMATION_FORMAT = dwarf;
				ENABLE_STRICT_OBJC_MSGSEND = YES;
				ENABLE_TESTABILITY = YES;
				GCC_C_LANGUAGE_STANDARD = gnu99;
				GCC_DYNAMIC_NO_PIC = NO;
				GCC_NO_COMMON_BLOCKS = YES;
				GCC_OPTIMIZATION_LEVEL = 0;
				GCC_PREPROCESSOR_DEFINITIONS = (
					"DEBUG=1",
					"$(inherited)",
				);
				GCC_WARN_64_TO_32_BIT_CONVERSION = YES;
				GCC_WARN_ABOUT_RETURN_TYPE = YES_ERROR;
				GCC_WARN_UNDECLARED_SELECTOR = YES;
				GCC_WARN_UNINITIALIZED_AUTOS = YES_AGGRESSIVE;
				GCC_WARN_UNUSED_FUNCTION = YES;
				GCC_WARN_UNUSED_VARIABLE = YES;
				IPHONEOS_DEPLOYMENT_TARGET = 10.2;
				MTL_ENABLE_DEBUG_INFO = YES;
				ONLY_ACTIVE_ARCH = YES;
				SDKROOT = iphoneos;
				SWIFT_ACTIVE_COMPILATION_CONDITIONS = DEBUG;
				SWIFT_OPTIMIZATION_LEVEL = "-Onone";
				TARGETED_DEVICE_FAMILY = "1,2";
			};
			name = Debug;
		};
		6AEF968F1E11D673008969E5 /* Release */ = {
			isa = XCBuildConfiguration;
			buildSettings = {
				ALWAYS_SEARCH_USER_PATHS = NO;
				CLANG_ANALYZER_NONNULL = YES;
				CLANG_CXX_LANGUAGE_STANDARD = "gnu++0x";
				CLANG_CXX_LIBRARY = "libc++";
				CLANG_ENABLE_MODULES = YES;
				CLANG_ENABLE_OBJC_ARC = YES;
				CLANG_WARN_BOOL_CONVERSION = YES;
				CLANG_WARN_CONSTANT_CONVERSION = YES;
				CLANG_WARN_DIRECT_OBJC_ISA_USAGE = YES_ERROR;
				CLANG_WARN_DOCUMENTATION_COMMENTS = YES;
				CLANG_WARN_EMPTY_BODY = YES;
				CLANG_WARN_ENUM_CONVERSION = YES;
				CLANG_WARN_INFINITE_RECURSION = YES;
				CLANG_WARN_INT_CONVERSION = YES;
				CLANG_WARN_OBJC_ROOT_CLASS = YES_ERROR;
				CLANG_WARN_SUSPICIOUS_MOVE = YES;
				CLANG_WARN_UNREACHABLE_CODE = YES;
				CLANG_WARN__DUPLICATE_METHOD_MATCH = YES;
				"CODE_SIGN_IDENTITY[sdk=iphoneos*]" = "iPhone Developer";
				COPY_PHASE_STRIP = NO;
				DEBUG_INFORMATION_FORMAT = "dwarf-with-dsym";
				ENABLE_NS_ASSERTIONS = NO;
				ENABLE_STRICT_OBJC_MSGSEND = YES;
				GCC_C_LANGUAGE_STANDARD = gnu99;
				GCC_NO_COMMON_BLOCKS = YES;
				GCC_WARN_64_TO_32_BIT_CONVERSION = YES;
				GCC_WARN_ABOUT_RETURN_TYPE = YES_ERROR;
				GCC_WARN_UNDECLARED_SELECTOR = YES;
				GCC_WARN_UNINITIALIZED_AUTOS = YES_AGGRESSIVE;
				GCC_WARN_UNUSED_FUNCTION = YES;
				GCC_WARN_UNUSED_VARIABLE = YES;
				IPHONEOS_DEPLOYMENT_TARGET = 10.2;
				MTL_ENABLE_DEBUG_INFO = NO;
				SDKROOT = iphoneos;
				SWIFT_OPTIMIZATION_LEVEL = "-Owholemodule";
				TARGETED_DEVICE_FAMILY = "1,2";
				VALIDATE_PRODUCT = YES;
			};
			name = Release;
		};
		6AEF96911E11D673008969E5 /* Debug */ = {
			isa = XCBuildConfiguration;
			buildSettings = {
				ASSETCATALOG_COMPILER_APPICON_NAME = AppIcon;
				INFOPLIST_FILE = GlobalMatrix/Info.plist;
				LD_RUNPATH_SEARCH_PATHS = "$(inherited) @executable_path/Frameworks";
				PRODUCT_BUNDLE_IDENTIFIER = com.schuetz.GlobalMatrix;
				PRODUCT_NAME = "$(TARGET_NAME)";
				SWIFT_VERSION = 3.0;
			};
			name = Debug;
		};
		6AEF96921E11D673008969E5 /* Release */ = {
			isa = XCBuildConfiguration;
			buildSettings = {
				ASSETCATALOG_COMPILER_APPICON_NAME = AppIcon;
				INFOPLIST_FILE = GlobalMatrix/Info.plist;
				LD_RUNPATH_SEARCH_PATHS = "$(inherited) @executable_path/Frameworks";
				PRODUCT_BUNDLE_IDENTIFIER = com.schuetz.GlobalMatrix;
				PRODUCT_NAME = "$(TARGET_NAME)";
				SWIFT_VERSION = 3.0;
			};
			name = Release;
		};
/* End XCBuildConfiguration section */

/* Begin XCConfigurationList section */
		6AEF96791E11D673008969E5 /* Build configuration list for PBXProject "GlobalMatrix" */ = {
			isa = XCConfigurationList;
			buildConfigurations = (
				6AEF968E1E11D673008969E5 /* Debug */,
				6AEF968F1E11D673008969E5 /* Release */,
			);
			defaultConfigurationIsVisible = 0;
			defaultConfigurationName = Release;
		};
		6AEF96901E11D673008969E5 /* Build configuration list for PBXNativeTarget "GlobalMatrix" */ = {
			isa = XCConfigurationList;
			buildConfigurations = (
				6AEF96911E11D673008969E5 /* Debug */,
				6AEF96921E11D673008969E5 /* Release */,
			);
			defaultConfigurationIsVisible = 0;
		};
/* End XCConfigurationList section */
	};
	rootObject = 6AEF96761E11D673008969E5 /* Project object */;
}
